{
  "object": {
    "pins": [
      {
        "package": "CLibreSSL",
        "repositoryURL": "https://github.com/HeartedApp/clibressl.git",
        "state": {
          "branch": null,
          "revision": "093ae5e2d919939bb9f4f6b1a46bd5be0b8b9090",
          "version": "1.0.2"
        }
      },
      {
        "package": "CryptoSwift",
        "repositoryURL": "https://github.com/krzyzanowskim/CryptoSwift.git",
        "state": {
          "branch": null,
          "revision": "3a2acbb32ab68215ee1596ee6004da8e90c3721b",
          "version": "1.0.0"
        }
      }
    ]
  },
  "version": 1
}
