{
  "object": {
    "pins": [
      {
        "package": "CryptoSwift",
        "repositoryURL": "https://github.com/krzyzanowskim/CryptoSwift.git",
        "state": {
          "branch": null,
          "revision": "5da70ba744d58d772201f03600eb16c53197652d",
          "version": "0.15.0"
        }
      },
      {
        "package": "COpenSSL",
        "repositoryURL": "https://github.com/PerfectlySoft/Perfect-COpenSSL-Linux.git",
        "state": {
          "branch": null,
          "revision": "1a4b571eb1f6429708e6915ca7c1d98cbba0f0f9",
          "version": "4.0.1"
        }
      }
    ]
  },
  "version": 1
}
