{
  "object": {
    "pins": [
      {
        "package": "CryptoSwift",
        "repositoryURL": "https://github.com/krzyzanowskim/CryptoSwift.git",
        "state": {
          "branch": null,
          "revision": "3f6869c469abf3e2ebefe3b6baef4bfac3aac305",
          "version": "0.11.0"
        }
      },
      {
        "package": "COpenSSL",
        "repositoryURL": "https://github.com/PerfectlySoft/Perfect-COpenSSL.git",
        "state": {
          "branch": null,
          "revision": "4669765f9c301a91cf76ad0ddeece27367017acc",
          "version": "4.0.1"
        }
      }
    ]
  },
  "version": 1
}
